
Microsoft Visual Studio Solution File, Format Version 12.00
# Visual Studio Version 16
VisualStudioVersion = 16.0.29519.87
MinimumVisualStudioVersion = 10.0.40219.1
Project("{9A19103F-16F7-4668-BE54-9A1E7A4F7556}") = "VideoExpertSystem", "VideoExpertSystem\VideoExpertSystem.csproj", "{0D0F8C5D-558F-41B1-AC7F-286A50619798}"
EndProject
Project("{FAE04EC0-301F-11D3-BF4B-00C04F79EFBC}") = "VideoExpertSystems.UnitTests", "VideoExpertSystems.UnitTests\VideoExpertSystems.UnitTests.csproj", "{DD3A9F1D-5E05-42EF-B690-E43AE52DC2FC}"
EndProject
Global
	GlobalSection(SolutionConfigurationPlatforms) = preSolution
		Debug|Any CPU = Debug|Any CPU
		Release|Any CPU = Release|Any CPU
	EndGlobalSection
	GlobalSection(ProjectConfigurationPlatforms) = postSolution
		{0D0F8C5D-558F-41B1-AC7F-286A50619798}.Debug|Any CPU.ActiveCfg = Debug|Any CPU
		{0D0F8C5D-558F-41B1-AC7F-286A50619798}.Debug|Any CPU.Build.0 = Debug|Any CPU
		{0D0F8C5D-558F-41B1-AC7F-286A50619798}.Release|Any CPU.ActiveCfg = Release|Any CPU
		{0D0F8C5D-558F-41B1-AC7F-286A50619798}.Release|Any CPU.Build.0 = Release|Any CPU
		{DD3A9F1D-5E05-42EF-B690-E43AE52DC2FC}.Debug|Any CPU.ActiveCfg = Debug|Any CPU
		{DD3A9F1D-5E05-42EF-B690-E43AE52DC2FC}.Debug|Any CPU.Build.0 = Debug|Any CPU
		{DD3A9F1D-5E05-42EF-B690-E43AE52DC2FC}.Release|Any CPU.ActiveCfg = Release|Any CPU
		{DD3A9F1D-5E05-42EF-B690-E43AE52DC2FC}.Release|Any CPU.Build.0 = Release|Any CPU
	EndGlobalSection
	GlobalSection(SolutionProperties) = preSolution
		HideSolutionNode = FALSE
	EndGlobalSection
	GlobalSection(ExtensibilityGlobals) = postSolution
		SolutionGuid = {8E0A071F-D852-4F14-A3F8-5B18D5CC99CA}
	EndGlobalSection
EndGlobal
